{
  "version": 1,
  "dependencies": {
    "net8.0": {
      "FluentValidation": {
        "type": "Direct",
        "requested": "[11.*, )",
        "resolved": "11.12.0",
        "contentHash": "Wim3rI1nGZKO5S/lgJ0ZpD3W/uu1CECoJ8pETzC8av34ejr+jCDr4paKhSJRG0Ltcv8UjdxtYCynG+RUEfEUDA=="
      },
      "FluentValidation.DependencyInjectionExtensions": {
        "type": "Direct",
        "requested": "[11.*, )",
        "resolved": "11.12.0",
        "contentHash": "lS+nClm9NEROCD5ITprZq9bVZEAoTyUb42xbm8Z80pHdRPdExISaypEZiLIJWDLfq2/j64sZgUcmgm7hjrZS+Q==",
        "dependencies": {
          "FluentValidation": "11.12.0",
          "Microsoft.Extensions.Dependencyinjection.Abstractions": "2.1.0"
        }
      },
      "Microsoft.CodeAnalysis.NetAnalyzers": {
        "type": "Direct",
        "requested": "[8.*, )",
        "resolved": "8.0.0",
        "contentHash": "DxiTgkCl3CGq1rYmBX2wjY7XGbxiBdL4J+/AJIAFLKy5z70NxhnVRnPghnicXZ8oF6JKVXlW3xwznRbI3ioEKg=="
      },
      "Microsoft.Extensions.DependencyInjection.Abstractions": {
        "type": "Direct",
        "requested": "[8.*, )",
        "resolved": "8.0.2",
        "contentHash": "3iE7UF7MQkCv1cxzCahz+Y/guQbTqieyxyaWKhrRO91itI9cOKO76OHeQDahqG4MmW5umr3CcCvGmK92lWNlbg=="
      },
      "Microsoft.Extensions.Logging.Abstractions": {
        "type": "Direct",
        "requested": "[8.*, )",
        "resolved": "8.0.3",
        "contentHash": "dL0QGToTxggRLMYY4ZYX5AMwBb+byQBd/5dMiZE07Nv73o6I5Are3C7eQTh7K2+A4ct0PVISSr7TZANbiNb2yQ==",
        "dependencies": {
          "Microsoft.Extensions.DependencyInjection.Abstractions": "8.0.2"
        }
      },
      "delosi.invoicinginvoices.domain": {
        "type": "Project"
      }
    },
    "net8.0/linux-x64": {}
  }
}